
Microsoft Visual Studio Solution File, Format Version 12.00
# Visual Studio Version 17
VisualStudioVersion = 17.0.31903.59
MinimumVisualStudioVersion = 10.0.40219.1
Project("{FAE04EC0-301F-11D3-BF4B-00C04F79EFBC}") = "HarvestMoon2Godot4", "HarvestMoon2Godot4.csproj", "{9BBCCD63-DFB4-4DFC-9608-52F980D4175B}"
EndProject
Global
	GlobalSection(SolutionConfigurationPlatforms) = preSolution
		Debug|Any CPU = Debug|Any CPU
		Release|Any CPU = Release|Any CPU
	EndGlobalSection
	GlobalSection(SolutionProperties) = preSolution
		HideSolutionNode = FALSE
	EndGlobalSection
	GlobalSection(ProjectConfigurationPlatforms) = postSolution
		{9BBCCD63-DFB4-4DFC-9608-52F980D4175B}.Debug|Any CPU.ActiveCfg = Debug|Any CPU
		{9BBCCD63-DFB4-4DFC-9608-52F980D4175B}.Debug|Any CPU.Build.0 = Debug|Any CPU
		{9BBCCD63-DFB4-4DFC-9608-52F980D4175B}.Release|Any CPU.ActiveCfg = Debug|Any CPU
		{9BBCCD63-DFB4-4DFC-9608-52F980D4175B}.Release|Any CPU.Build.0 = Debug|Any CPU
	EndGlobalSection
EndGlobal
